
Microsoft Visual Studio Solution File, Format Version 12.00
# Visual Studio 2013
VisualStudioVersion = 12.0.31101.0
MinimumVisualStudioVersion = 10.0.40219.1
Project("{FAE04EC0-301F-11D3-BF4B-00C04F79EFBC}") = "Searching Vis Google", "Searching Vis Google\Searching Vis Google.csproj", "{29539EB4-A69D-4380-9B03-29112501EDB9}"
EndProject
Project("{54435603-DBB4-11D2-8724-00A0C9A8B90C}") = "_Setup", "_Setup\_Setup.vdproj", "{0D7F4383-9AC4-4D02-91E9-206E0B9021FF}"
EndProject
Global
	GlobalSection(SolutionConfigurationPlatforms) = preSolution
		Debug|Any CPU = Debug|Any CPU
		Release|Any CPU = Release|Any CPU
	EndGlobalSection
	GlobalSection(ProjectConfigurationPlatforms) = postSolution
		{29539EB4-A69D-4380-9B03-29112501EDB9}.Debug|Any CPU.ActiveCfg = Debug|Any CPU
		{29539EB4-A69D-4380-9B03-29112501EDB9}.Debug|Any CPU.Build.0 = Debug|Any CPU
		{29539EB4-A69D-4380-9B03-29112501EDB9}.Release|Any CPU.ActiveCfg = Release|Any CPU
		{29539EB4-A69D-4380-9B03-29112501EDB9}.Release|Any CPU.Build.0 = Release|Any CPU
		{0D7F4383-9AC4-4D02-91E9-206E0B9021FF}.Debug|Any CPU.ActiveCfg = Debug
		{0D7F4383-9AC4-4D02-91E9-206E0B9021FF}.Release|Any CPU.ActiveCfg = Release
	EndGlobalSection
	GlobalSection(SolutionProperties) = preSolution
		HideSolutionNode = FALSE
	EndGlobalSection
EndGlobal
